
Microsoft Visual Studio Solution File, Format Version 12.00
# Visual Studio 15
VisualStudioVersion = 15.0.28307.1340
MinimumVisualStudioVersion = 10.0.40219.1
Project("{FAE04EC0-301F-11D3-BF4B-00C04F79EFBC}") = "204Generics", "204Generics\204Generics.csproj", "{CDF44A31-EAAE-4890-BFF3-BDCD94C4C8DC}"
EndProject
Global
	GlobalSection(SolutionConfigurationPlatforms) = preSolution
		Debug|Any CPU = Debug|Any CPU
		Release|Any CPU = Release|Any CPU
	EndGlobalSection
	GlobalSection(ProjectConfigurationPlatforms) = postSolution
		{CDF44A31-EAAE-4890-BFF3-BDCD94C4C8DC}.Debug|Any CPU.ActiveCfg = Debug|Any CPU
		{CDF44A31-EAAE-4890-BFF3-BDCD94C4C8DC}.Debug|Any CPU.Build.0 = Debug|Any CPU
		{CDF44A31-EAAE-4890-BFF3-BDCD94C4C8DC}.Release|Any CPU.ActiveCfg = Release|Any CPU
		{CDF44A31-EAAE-4890-BFF3-BDCD94C4C8DC}.Release|Any CPU.Build.0 = Release|Any CPU
	EndGlobalSection
	GlobalSection(SolutionProperties) = preSolution
		HideSolutionNode = FALSE
	EndGlobalSection
	GlobalSection(ExtensibilityGlobals) = postSolution
		SolutionGuid = {C082C44F-0DF3-4AF3-B1C2-1E652DDEFE34}
	EndGlobalSection
EndGlobal
