
Microsoft Visual Studio Solution File, Format Version 12.00
# Visual Studio 15
VisualStudioVersion = 15.0.28307.1145
MinimumVisualStudioVersion = 10.0.40219.1
Project("{FAE04EC0-301F-11D3-BF4B-00C04F79EFBC}") = "ExceptionAula02", "ExceptionAula02\ExceptionAula02.csproj", "{8EAF5D33-0BFC-400C-8407-16B872F33FDF}"
EndProject
Global
	GlobalSection(SolutionConfigurationPlatforms) = preSolution
		Debug|Any CPU = Debug|Any CPU
		Release|Any CPU = Release|Any CPU
	EndGlobalSection
	GlobalSection(ProjectConfigurationPlatforms) = postSolution
		{8EAF5D33-0BFC-400C-8407-16B872F33FDF}.Debug|Any CPU.ActiveCfg = Debug|Any CPU
		{8EAF5D33-0BFC-400C-8407-16B872F33FDF}.Debug|Any CPU.Build.0 = Debug|Any CPU
		{8EAF5D33-0BFC-400C-8407-16B872F33FDF}.Release|Any CPU.ActiveCfg = Release|Any CPU
		{8EAF5D33-0BFC-400C-8407-16B872F33FDF}.Release|Any CPU.Build.0 = Release|Any CPU
	EndGlobalSection
	GlobalSection(SolutionProperties) = preSolution
		HideSolutionNode = FALSE
	EndGlobalSection
	GlobalSection(ExtensibilityGlobals) = postSolution
		SolutionGuid = {388C1E13-8EA6-4018-BD29-D89A331A8165}
	EndGlobalSection
EndGlobal
