
Microsoft Visual Studio Solution File, Format Version 12.00
# Visual Studio 15
VisualStudioVersion = 15.0.28307.1022
MinimumVisualStudioVersion = 10.0.40219.1
Project("{FAE04EC0-301F-11D3-BF4B-00C04F79EFBC}") = "Exercicio2RedeSocial", "Exercicio2RedeSocial\Exercicio2RedeSocial.csproj", "{45AFDB6B-C438-4729-B13F-47DA4F20EA6E}"
EndProject
Global
	GlobalSection(SolutionConfigurationPlatforms) = preSolution
		Debug|Any CPU = Debug|Any CPU
		Release|Any CPU = Release|Any CPU
	EndGlobalSection
	GlobalSection(ProjectConfigurationPlatforms) = postSolution
		{45AFDB6B-C438-4729-B13F-47DA4F20EA6E}.Debug|Any CPU.ActiveCfg = Debug|Any CPU
		{45AFDB6B-C438-4729-B13F-47DA4F20EA6E}.Debug|Any CPU.Build.0 = Debug|Any CPU
		{45AFDB6B-C438-4729-B13F-47DA4F20EA6E}.Release|Any CPU.ActiveCfg = Release|Any CPU
		{45AFDB6B-C438-4729-B13F-47DA4F20EA6E}.Release|Any CPU.Build.0 = Release|Any CPU
	EndGlobalSection
	GlobalSection(SolutionProperties) = preSolution
		HideSolutionNode = FALSE
	EndGlobalSection
	GlobalSection(ExtensibilityGlobals) = postSolution
		SolutionGuid = {B25D4F69-2063-42F5-BB21-8C7F03AD4A6B}
	EndGlobalSection
EndGlobal
