
Microsoft Visual Studio Solution File, Format Version 12.00
# Visual Studio 15
VisualStudioVersion = 15.0.28307.1022
MinimumVisualStudioVersion = 10.0.40219.1
Project("{FAE04EC0-301F-11D3-BF4B-00C04F79EFBC}") = "ComposicaoEx01Resolvido", "ComposicaoEx01Resolvido\ComposicaoEx01Resolvido.csproj", "{A7A024AE-E6D9-4955-BBCD-326D323E18AB}"
EndProject
Global
	GlobalSection(SolutionConfigurationPlatforms) = preSolution
		Debug|Any CPU = Debug|Any CPU
		Release|Any CPU = Release|Any CPU
	EndGlobalSection
	GlobalSection(ProjectConfigurationPlatforms) = postSolution
		{A7A024AE-E6D9-4955-BBCD-326D323E18AB}.Debug|Any CPU.ActiveCfg = Debug|Any CPU
		{A7A024AE-E6D9-4955-BBCD-326D323E18AB}.Debug|Any CPU.Build.0 = Debug|Any CPU
		{A7A024AE-E6D9-4955-BBCD-326D323E18AB}.Release|Any CPU.ActiveCfg = Release|Any CPU
		{A7A024AE-E6D9-4955-BBCD-326D323E18AB}.Release|Any CPU.Build.0 = Release|Any CPU
	EndGlobalSection
	GlobalSection(SolutionProperties) = preSolution
		HideSolutionNode = FALSE
	EndGlobalSection
	GlobalSection(ExtensibilityGlobals) = postSolution
		SolutionGuid = {8D47F1FD-6938-454E-8E49-F847421C016D}
	EndGlobalSection
EndGlobal
