
Microsoft Visual Studio Solution File, Format Version 12.00
# Visual Studio 15
VisualStudioVersion = 15.0.28307.1022
MinimumVisualStudioVersion = 10.0.40219.1
Project("{FAE04EC0-301F-11D3-BF4B-00C04F79EFBC}") = "Heranca", "Heranca\Heranca.csproj", "{4EE647B1-D244-428F-896C-1D9C7B45562D}"
EndProject
Global
	GlobalSection(SolutionConfigurationPlatforms) = preSolution
		Debug|Any CPU = Debug|Any CPU
		Release|Any CPU = Release|Any CPU
	EndGlobalSection
	GlobalSection(ProjectConfigurationPlatforms) = postSolution
		{4EE647B1-D244-428F-896C-1D9C7B45562D}.Debug|Any CPU.ActiveCfg = Debug|Any CPU
		{4EE647B1-D244-428F-896C-1D9C7B45562D}.Debug|Any CPU.Build.0 = Debug|Any CPU
		{4EE647B1-D244-428F-896C-1D9C7B45562D}.Release|Any CPU.ActiveCfg = Release|Any CPU
		{4EE647B1-D244-428F-896C-1D9C7B45562D}.Release|Any CPU.Build.0 = Release|Any CPU
	EndGlobalSection
	GlobalSection(SolutionProperties) = preSolution
		HideSolutionNode = FALSE
	EndGlobalSection
	GlobalSection(ExtensibilityGlobals) = postSolution
		SolutionGuid = {CAE17358-7573-4C23-B744-3585D82C361D}
	EndGlobalSection
EndGlobal
