
Microsoft Visual Studio Solution File, Format Version 12.00
# Visual Studio 15
VisualStudioVersion = 15.0.28307.1000
MinimumVisualStudioVersion = 10.0.40219.1
Project("{FAE04EC0-301F-11D3-BF4B-00C04F79EFBC}") = "Datas", "Datas\Datas.csproj", "{EDB7FD39-D4CD-4A0B-9AD6-3C22C408C5A1}"
EndProject
Global
	GlobalSection(SolutionConfigurationPlatforms) = preSolution
		Debug|Any CPU = Debug|Any CPU
		Release|Any CPU = Release|Any CPU
	EndGlobalSection
	GlobalSection(ProjectConfigurationPlatforms) = postSolution
		{EDB7FD39-D4CD-4A0B-9AD6-3C22C408C5A1}.Debug|Any CPU.ActiveCfg = Debug|Any CPU
		{EDB7FD39-D4CD-4A0B-9AD6-3C22C408C5A1}.Debug|Any CPU.Build.0 = Debug|Any CPU
		{EDB7FD39-D4CD-4A0B-9AD6-3C22C408C5A1}.Release|Any CPU.ActiveCfg = Release|Any CPU
		{EDB7FD39-D4CD-4A0B-9AD6-3C22C408C5A1}.Release|Any CPU.Build.0 = Release|Any CPU
	EndGlobalSection
	GlobalSection(SolutionProperties) = preSolution
		HideSolutionNode = FALSE
	EndGlobalSection
	GlobalSection(ExtensibilityGlobals) = postSolution
		SolutionGuid = {F80E394B-5CE4-4883-A547-F7EF5B37D788}
	EndGlobalSection
EndGlobal
