
Microsoft Visual Studio Solution File, Format Version 12.00
# Visual Studio 15
VisualStudioVersion = 15.0.28307.1259
MinimumVisualStudioVersion = 10.0.40219.1
Project("{FAE04EC0-301F-11D3-BF4B-00C04F79EFBC}") = "Using", "Using\Using.csproj", "{6C167C36-0C2A-40D2-B703-4532AF35AF48}"
EndProject
Global
	GlobalSection(SolutionConfigurationPlatforms) = preSolution
		Debug|Any CPU = Debug|Any CPU
		Release|Any CPU = Release|Any CPU
	EndGlobalSection
	GlobalSection(ProjectConfigurationPlatforms) = postSolution
		{6C167C36-0C2A-40D2-B703-4532AF35AF48}.Debug|Any CPU.ActiveCfg = Debug|Any CPU
		{6C167C36-0C2A-40D2-B703-4532AF35AF48}.Debug|Any CPU.Build.0 = Debug|Any CPU
		{6C167C36-0C2A-40D2-B703-4532AF35AF48}.Release|Any CPU.ActiveCfg = Release|Any CPU
		{6C167C36-0C2A-40D2-B703-4532AF35AF48}.Release|Any CPU.Build.0 = Release|Any CPU
	EndGlobalSection
	GlobalSection(SolutionProperties) = preSolution
		HideSolutionNode = FALSE
	EndGlobalSection
	GlobalSection(ExtensibilityGlobals) = postSolution
		SolutionGuid = {77815790-B162-4C22-A2ED-2F93BF5811E7}
	EndGlobalSection
EndGlobal
