
Microsoft Visual Studio Solution File, Format Version 12.00
# Visual Studio 15
VisualStudioVersion = 15.0.28307.1267
MinimumVisualStudioVersion = 10.0.40219.1
Project("{FAE04EC0-301F-11D3-BF4B-00C04F79EFBC}") = "StreamWriters", "StreamWriter\StreamWriters.csproj", "{BAD290EA-306A-437D-8A9A-43B47F1ACF86}"
EndProject
Global
	GlobalSection(SolutionConfigurationPlatforms) = preSolution
		Debug|Any CPU = Debug|Any CPU
		Release|Any CPU = Release|Any CPU
	EndGlobalSection
	GlobalSection(ProjectConfigurationPlatforms) = postSolution
		{BAD290EA-306A-437D-8A9A-43B47F1ACF86}.Debug|Any CPU.ActiveCfg = Debug|Any CPU
		{BAD290EA-306A-437D-8A9A-43B47F1ACF86}.Debug|Any CPU.Build.0 = Debug|Any CPU
		{BAD290EA-306A-437D-8A9A-43B47F1ACF86}.Release|Any CPU.ActiveCfg = Release|Any CPU
		{BAD290EA-306A-437D-8A9A-43B47F1ACF86}.Release|Any CPU.Build.0 = Release|Any CPU
	EndGlobalSection
	GlobalSection(SolutionProperties) = preSolution
		HideSolutionNode = FALSE
	EndGlobalSection
	GlobalSection(ExtensibilityGlobals) = postSolution
		SolutionGuid = {6A8149D9-743B-4325-AD5C-447ACCF1947C}
	EndGlobalSection
EndGlobal
